
Microsoft Visual Studio Solution File, Format Version 12.00
# Visual Studio 2012
Project("{FAE04EC0-301F-11D3-BF4B-00C04F79EFBC}") = "RazorTemplates.Core", "RazorTemplates.Core\RazorTemplates.Core.csproj", "{F4411488-D1A2-4A06-8891-E44C3BDCC4A8}"
EndProject
Project("{2150E333-8FDC-42A3-9474-1A3956D46DE8}") = "Shared", "Shared", "{93B59751-9388-451E-9EB9-36812C8276D5}"
	ProjectSection(SolutionItems) = preProject
		Shared\RazorTemplates.Public.snk = Shared\RazorTemplates.Public.snk
		Shared\RazorTemplates.snk = Shared\RazorTemplates.snk
	EndProjectSection
EndProject
Project("{FAE04EC0-301F-11D3-BF4B-00C04F79EFBC}") = "RazorTemplates.Samples", "RazorTemplates.Samples\RazorTemplates.Samples.csproj", "{522203D1-1AAC-4AA1-A796-1ABD8F61F9FA}"
EndProject
Project("{FAE04EC0-301F-11D3-BF4B-00C04F79EFBC}") = "RazorTemplates.Tests", "RazorTemplates.Tests\RazorTemplates.Tests.csproj", "{1D575AD0-6C38-466A-ADB2-E550AFB94E43}"
EndProject
Global
	GlobalSection(SolutionConfigurationPlatforms) = preSolution
		Debug|Any CPU = Debug|Any CPU
		Release|Any CPU = Release|Any CPU
	EndGlobalSection
	GlobalSection(ProjectConfigurationPlatforms) = postSolution
		{F4411488-D1A2-4A06-8891-E44C3BDCC4A8}.Debug|Any CPU.ActiveCfg = Debug|Any CPU
		{F4411488-D1A2-4A06-8891-E44C3BDCC4A8}.Debug|Any CPU.Build.0 = Debug|Any CPU
		{F4411488-D1A2-4A06-8891-E44C3BDCC4A8}.Release|Any CPU.ActiveCfg = Release|Any CPU
		{F4411488-D1A2-4A06-8891-E44C3BDCC4A8}.Release|Any CPU.Build.0 = Release|Any CPU
		{522203D1-1AAC-4AA1-A796-1ABD8F61F9FA}.Debug|Any CPU.ActiveCfg = Debug|Any CPU
		{522203D1-1AAC-4AA1-A796-1ABD8F61F9FA}.Debug|Any CPU.Build.0 = Debug|Any CPU
		{522203D1-1AAC-4AA1-A796-1ABD8F61F9FA}.Release|Any CPU.ActiveCfg = Release|Any CPU
		{522203D1-1AAC-4AA1-A796-1ABD8F61F9FA}.Release|Any CPU.Build.0 = Release|Any CPU
		{1D575AD0-6C38-466A-ADB2-E550AFB94E43}.Debug|Any CPU.ActiveCfg = Debug|Any CPU
		{1D575AD0-6C38-466A-ADB2-E550AFB94E43}.Debug|Any CPU.Build.0 = Debug|Any CPU
		{1D575AD0-6C38-466A-ADB2-E550AFB94E43}.Release|Any CPU.ActiveCfg = Release|Any CPU
		{1D575AD0-6C38-466A-ADB2-E550AFB94E43}.Release|Any CPU.Build.0 = Release|Any CPU
	EndGlobalSection
	GlobalSection(SolutionProperties) = preSolution
		HideSolutionNode = FALSE
	EndGlobalSection
EndGlobal
